// !$*UTF8*$!
{
	archiveVersion = 1;
	classes = {
	};
	objectVersion = 50;
	objects = {

/* Begin PBXBuildFile section */
		208B693A241697CE006DDD4C /* DeleteChapter.swift in Sources */ = {isa = PBXBuildFile; fileRef = 208B6939241697CE006DDD4C /* DeleteChapter.swift */; };
		208B693C2416B990006DDD4C /* EditTitle.swift in Sources */ = {isa = PBXBuildFile; fileRef = 208B693B2416B990006DDD4C /* EditTitle.swift */; };
		20C5F9A3240AD4060038675B /* AppDelegate.swift in Sources */ = {isa = PBXBuildFile; fileRef = 20C5F9A2240AD4060038675B /* AppDelegate.swift */; };
		20C5F9A5240AD4060038675B /* SceneDelegate.swift in Sources */ = {isa = PBXBuildFile; fileRef = 20C5F9A4240AD4060038675B /* SceneDelegate.swift */; };
		20C5F9A7240AD4060038675B /* ContentView.swift in Sources */ = {isa = PBXBuildFile; fileRef = 20C5F9A6240AD4060038675B /* ContentView.swift */; };
		20C5F9A9240AD4060038675B /* Assets.xcassets in Resources */ = {isa = PBXBuildFile; fileRef = 20C5F9A8240AD4060038675B /* Assets.xcassets */; };
		20C5F9AC240AD4060038675B /* Preview Assets.xcassets in Resources */ = {isa = PBXBuildFile; fileRef = 20C5F9AB240AD4060038675B /* Preview Assets.xcassets */; };
		20C5F9AF240AD4060038675B /* LaunchScreen.storyboard in Resources */ = {isa = PBXBuildFile; fileRef = 20C5F9AD240AD4060038675B /* LaunchScreen.storyboard */; };
		20C5F9C4240AD5230038675B /* AddWord.swift in Sources */ = {isa = PBXBuildFile; fileRef = 20C5F9B8240AD5220038675B /* AddWord.swift */; };
		20C5F9C6240AD5230038675B /* WordListView.swift in Sources */ = {isa = PBXBuildFile; fileRef = 20C5F9BA240AD5220038675B /* WordListView.swift */; };
		20C5F9C8240AD5230038675B /* Word.swift in Sources */ = {isa = PBXBuildFile; fileRef = 20C5F9BE240AD5220038675B /* Word.swift */; };
		20C5F9C9240AD5230038675B /* CardStack.swift in Sources */ = {isa = PBXBuildFile; fileRef = 20C5F9C0240AD5230038675B /* CardStack.swift */; };
		20C5F9CA240AD5230038675B /* FlashCard.swift in Sources */ = {isa = PBXBuildFile; fileRef = 20C5F9C1240AD5230038675B /* FlashCard.swift */; };
		20C5F9CB240AD5230038675B /* KeyboardResponder.swift in Sources */ = {isa = PBXBuildFile; fileRef = 20C5F9C3240AD5230038675B /* KeyboardResponder.swift */; };
		20C5F9CD240AFF3E0038675B /* ChapList.swift in Sources */ = {isa = PBXBuildFile; fileRef = 20C5F9CC240AFF3E0038675B /* ChapList.swift */; };
		20C5F9CF240C3F7F0038675B /* ChapItem.swift in Sources */ = {isa = PBXBuildFile; fileRef = 20C5F9CE240C3F7F0038675B /* ChapItem.swift */; };
		20C5F9D1240C56430038675B /* ProgressBar.swift in Sources */ = {isa = PBXBuildFile; fileRef = 20C5F9D0240C56430038675B /* ProgressBar.swift */; };
		20E09A3B240F5CAF00EDF4BA /* AddChapter.swift in Sources */ = {isa = PBXBuildFile; fileRef = 20E09A3A240F5CAF00EDF4BA /* AddChapter.swift */; };
		20E09A3F2414939400EDF4BA /* Store.swift in Sources */ = {isa = PBXBuildFile; fileRef = 20E09A3E2414939400EDF4BA /* Store.swift */; };
/* End PBXBuildFile section */

/* Begin PBXFileReference section */
		208B6939241697CE006DDD4C /* DeleteChapter.swift */ = {isa = PBXFileReference; lastKnownFileType = sourcecode.swift; path = DeleteChapter.swift; sourceTree = "<group>"; };
		208B693B2416B990006DDD4C /* EditTitle.swift */ = {isa = PBXFileReference; lastKnownFileType = sourcecode.swift; path = EditTitle.swift; sourceTree = "<group>"; };
		20C5F99F240AD4060038675B /* Mom's Word.app */ = {isa = PBXFileReference; explicitFileType = wrapper.application; includeInIndex = 0; path = "Mom's Word.app"; sourceTree = BUILT_PRODUCTS_DIR; };
		20C5F9A2240AD4060038675B /* AppDelegate.swift */ = {isa = PBXFileReference; lastKnownFileType = sourcecode.swift; path = AppDelegate.swift; sourceTree = "<group>"; };
		20C5F9A4240AD4060038675B /* SceneDelegate.swift */ = {isa = PBXFileReference; lastKnownFileType = sourcecode.swift; path = SceneDelegate.swift; sourceTree = "<group>"; };
		20C5F9A6240AD4060038675B /* ContentView.swift */ = {isa = PBXFileReference; lastKnownFileType = sourcecode.swift; path = ContentView.swift; sourceTree = "<group>"; };
		20C5F9A8240AD4060038675B /* Assets.xcassets */ = {isa = PBXFileReference; lastKnownFileType = folder.assetcatalog; path = Assets.xcassets; sourceTree = "<group>"; };
		20C5F9AB240AD4060038675B /* Preview Assets.xcassets */ = {isa = PBXFileReference; lastKnownFileType = folder.assetcatalog; path = "Preview Assets.xcassets"; sourceTree = "<group>"; };
		20C5F9AE240AD4060038675B /* Base */ = {isa = PBXFileReference; lastKnownFileType = file.storyboard; name = Base; path = Base.lproj/LaunchScreen.storyboard; sourceTree = "<group>"; };
		20C5F9B0240AD4060038675B /* Info.plist */ = {isa = PBXFileReference; lastKnownFileType = text.plist.xml; path = Info.plist; sourceTree = "<group>"; };
		20C5F9B8240AD5220038675B /* AddWord.swift */ = {isa = PBXFileReference; fileEncoding = 4; lastKnownFileType = sourcecode.swift; path = AddWord.swift; sourceTree = "<group>"; };
		20C5F9BA240AD5220038675B /* WordListView.swift */ = {isa = PBXFileReference; fileEncoding = 4; lastKnownFileType = sourcecode.swift; path = WordListView.swift; sourceTree = "<group>"; };
		20C5F9BE240AD5220038675B /* Word.swift */ = {isa = PBXFileReference; fileEncoding = 4; lastKnownFileType = sourcecode.swift; path = Word.swift; sourceTree = "<group>"; };
		20C5F9C0240AD5230038675B /* CardStack.swift */ = {isa = PBXFileReference; fileEncoding = 4; lastKnownFileType = sourcecode.swift; path = CardStack.swift; sourceTree = "<group>"; };
		20C5F9C1240AD5230038675B /* FlashCard.swift */ = {isa = PBXFileReference; fileEncoding = 4; lastKnownFileType = sourcecode.swift; path = FlashCard.swift; sourceTree = "<group>"; };
		20C5F9C3240AD5230038675B /* KeyboardResponder.swift */ = {isa = PBXFileReference; fileEncoding = 4; lastKnownFileType = sourcecode.swift; path = KeyboardResponder.swift; sourceTree = "<group>"; };
		20C5F9CC240AFF3E0038675B /* ChapList.swift */ = {isa = PBXFileReference; lastKnownFileType = sourcecode.swift; path = ChapList.swift; sourceTree = "<group>"; };
		20C5F9CE240C3F7F0038675B /* ChapItem.swift */ = {isa = PBXFileReference; lastKnownFileType = sourcecode.swift; path = ChapItem.swift; sourceTree = "<group>"; };
		20C5F9D0240C56430038675B /* ProgressBar.swift */ = {isa = PBXFileReference; lastKnownFileType = sourcecode.swift; path = ProgressBar.swift; sourceTree = "<group>"; };
		20E09A3A240F5CAF00EDF4BA /* AddChapter.swift */ = {isa = PBXFileReference; lastKnownFileType = sourcecode.swift; path = AddChapter.swift; sourceTree = "<group>"; };
		20E09A3E2414939400EDF4BA /* Store.swift */ = {isa = PBXFileReference; lastKnownFileType = sourcecode.swift; path = Store.swift; sourceTree = "<group>"; };
/* End PBXFileReference section */

/* Begin PBXFrameworksBuildPhase section */
		20C5F99C240AD4060038675B /* Frameworks */ = {
			isa = PBXFrameworksBuildPhase;
			buildActionMask = 2147483647;
			files = (
			);
			runOnlyForDeploymentPostprocessing = 0;
		};
/* End PBXFrameworksBuildPhase section */

/* Begin PBXGroup section */
		208B693F2416CF23006DDD4C /* card_list */ = {
			isa = PBXGroup;
			children = (
				20C5F9C0240AD5230038675B /* CardStack.swift */,
				20C5F9C1240AD5230038675B /* FlashCard.swift */,
			);
			path = card_list;
			sourceTree = "<group>";
		};
		20C5F996240AD4060038675B = {
			isa = PBXGroup;
			children = (
				20C5F9A1240AD4060038675B /* Mom's Word */,
				20C5F9A0240AD4060038675B /* Products */,
			);
			sourceTree = "<group>";
		};
		20C5F9A0240AD4060038675B /* Products */ = {
			isa = PBXGroup;
			children = (
				20C5F99F240AD4060038675B /* Mom's Word.app */,
			);
			name = Products;
			sourceTree = "<group>";
		};
		20C5F9A1240AD4060038675B /* Mom's Word */ = {
			isa = PBXGroup;
			children = (
				20C5F9B6240AD46B0038675B /* main */,
				20C5F9A2240AD4060038675B /* AppDelegate.swift */,
				20C5F9A4240AD4060038675B /* SceneDelegate.swift */,
				20C5F9A6240AD4060038675B /* ContentView.swift */,
				20C5F9A8240AD4060038675B /* Assets.xcassets */,
				20C5F9AD240AD4060038675B /* LaunchScreen.storyboard */,
				20C5F9B0240AD4060038675B /* Info.plist */,
				20C5F9AA240AD4060038675B /* Preview Content */,
			);
			path = "Mom's Word";
			sourceTree = "<group>";
		};
		20C5F9AA240AD4060038675B /* Preview Content */ = {
			isa = PBXGroup;
			children = (
				20C5F9AB240AD4060038675B /* Preview Assets.xcassets */,
			);
			path = "Preview Content";
			sourceTree = "<group>";
		};
		20C5F9B6240AD46B0038675B /* main */ = {
			isa = PBXGroup;
			children = (
				20C5F9B7240AD5220038675B /* read_mode */,
				20C5F9BF240AD5230038675B /* share */,
				20C5F9BB240AD5220038675B /* store */,
				20C5F9C2240AD5230038675B /* utils */,
			);
			path = main;
			sourceTree = "<group>";
		};
		20C5F9B7240AD5220038675B /* read_mode */ = {
			isa = PBXGroup;
			children = (
				208B693F2416CF23006DDD4C /* card_list */,
				20E09A3D2412DD8200EDF4BA /* chap_list */,
				20E09A3C2411FB2A00EDF4BA /* word_list */,
			);
			path = read_mode;
			sourceTree = "<group>";
		};
		20C5F9BB240AD5220038675B /* store */ = {
			isa = PBXGroup;
			children = (
				20E09A3E2414939400EDF4BA /* Store.swift */,
				20C5F9BD240AD5220038675B /* model */,
			);
			path = store;
			sourceTree = "<group>";
		};
		20C5F9BD240AD5220038675B /* model */ = {
			isa = PBXGroup;
			children = (
				20C5F9BE240AD5220038675B /* Word.swift */,
			);
			path = model;
			sourceTree = "<group>";
		};
		20C5F9BF240AD5230038675B /* share */ = {
			isa = PBXGroup;
			children = (
				20C5F9D0240C56430038675B /* ProgressBar.swift */,
			);
			path = share;
			sourceTree = "<group>";
		};
		20C5F9C2240AD5230038675B /* utils */ = {
			isa = PBXGroup;
			children = (
				20C5F9C3240AD5230038675B /* KeyboardResponder.swift */,
			);
			path = utils;
			sourceTree = "<group>";
		};
		20E09A3C2411FB2A00EDF4BA /* word_list */ = {
			isa = PBXGroup;
			children = (
				20C5F9BA240AD5220038675B /* WordListView.swift */,
				20C5F9B8240AD5220038675B /* AddWord.swift */,
				208B693B2416B990006DDD4C /* EditTitle.swift */,
			);
			path = word_list;
			sourceTree = "<group>";
		};
		20E09A3D2412DD8200EDF4BA /* chap_list */ = {
			isa = PBXGroup;
			children = (
				20C5F9CE240C3F7F0038675B /* ChapItem.swift */,
				208B6939241697CE006DDD4C /* DeleteChapter.swift */,
				20E09A3A240F5CAF00EDF4BA /* AddChapter.swift */,
				20C5F9CC240AFF3E0038675B /* ChapList.swift */,
			);
			path = chap_list;
			sourceTree = "<group>";
		};
/* End PBXGroup section */

/* Begin PBXNativeTarget section */
		20C5F99E240AD4060038675B /* Mom's Word */ = {
			isa = PBXNativeTarget;
			buildConfigurationList = 20C5F9B3240AD4060038675B /* Build configuration list for PBXNativeTarget "Mom's Word" */;
			buildPhases = (
				20C5F99B240AD4060038675B /* Sources */,
				20C5F99C240AD4060038675B /* Frameworks */,
				20C5F99D240AD4060038675B /* Resources */,
			);
			buildRules = (
			);
			dependencies = (
			);
			name = "Mom's Word";
			productName = "Mom's Word";
			productReference = 20C5F99F240AD4060038675B /* Mom's Word.app */;
			productType = "com.apple.product-type.application";
		};
/* End PBXNativeTarget section */

/* Begin PBXProject section */
		20C5F997240AD4060038675B /* Project object */ = {
			isa = PBXProject;
			attributes = {
				LastSwiftUpdateCheck = 1130;
				LastUpgradeCheck = 1130;
				ORGANIZATIONNAME = yao;
				TargetAttributes = {
					20C5F99E240AD4060038675B = {
						CreatedOnToolsVersion = 11.3.1;
					};
				};
			};
			buildConfigurationList = 20C5F99A240AD4060038675B /* Build configuration list for PBXProject "Mom's Word" */;
			compatibilityVersion = "Xcode 9.3";
			developmentRegion = en;
			hasScannedForEncodings = 0;
			knownRegions = (
				en,
				Base,
			);
			mainGroup = 20C5F996240AD4060038675B;
			productRefGroup = 20C5F9A0240AD4060038675B /* Products */;
			projectDirPath = "";
			projectRoot = "";
			targets = (
				20C5F99E240AD4060038675B /* Mom's Word */,
			);
		};
/* End PBXProject section */

/* Begin PBXResourcesBuildPhase section */
		20C5F99D240AD4060038675B /* Resources */ = {
			isa = PBXResourcesBuildPhase;
			buildActionMask = 2147483647;
			files = (
				20C5F9AF240AD4060038675B /* LaunchScreen.storyboard in Resources */,
				20C5F9AC240AD4060038675B /* Preview Assets.xcassets in Resources */,
				20C5F9A9240AD4060038675B /* Assets.xcassets in Resources */,
			);
			runOnlyForDeploymentPostprocessing = 0;
		};
/* End PBXResourcesBuildPhase section */

/* Begin PBXSourcesBuildPhase section */
		20C5F99B240AD4060038675B /* Sources */ = {
			isa = PBXSourcesBuildPhase;
			buildActionMask = 2147483647;
			files = (
				20C5F9CD240AFF3E0038675B /* ChapList.swift in Sources */,
				20E09A3B240F5CAF00EDF4BA /* AddChapter.swift in Sources */,
				20C5F9C8240AD5230038675B /* Word.swift in Sources */,
				20C5F9A3240AD4060038675B /* AppDelegate.swift in Sources */,
				20C5F9CB240AD5230038675B /* KeyboardResponder.swift in Sources */,
				20C5F9C4240AD5230038675B /* AddWord.swift in Sources */,
				20C5F9D1240C56430038675B /* ProgressBar.swift in Sources */,
				208B693A241697CE006DDD4C /* DeleteChapter.swift in Sources */,
				20E09A3F2414939400EDF4BA /* Store.swift in Sources */,
				20C5F9CA240AD5230038675B /* FlashCard.swift in Sources */,
				20C5F9CF240C3F7F0038675B /* ChapItem.swift in Sources */,
				208B693C2416B990006DDD4C /* EditTitle.swift in Sources */,
				20C5F9A5240AD4060038675B /* SceneDelegate.swift in Sources */,
				20C5F9C6240AD5230038675B /* WordListView.swift in Sources */,
				20C5F9A7240AD4060038675B /* ContentView.swift in Sources */,
				20C5F9C9240AD5230038675B /* CardStack.swift in Sources */,
			);
			runOnlyForDeploymentPostprocessing = 0;
		};
/* End PBXSourcesBuildPhase section */

/* Begin PBXVariantGroup section */
		20C5F9AD240AD4060038675B /* LaunchScreen.storyboard */ = {
			isa = PBXVariantGroup;
			children = (
				20C5F9AE240AD4060038675B /* Base */,
			);
			name = LaunchScreen.storyboard;
			sourceTree = "<group>";
		};
/* End PBXVariantGroup section */

/* Begin XCBuildConfiguration section */
		20C5F9B1240AD4060038675B /* Debug */ = {
			isa = XCBuildConfiguration;
			buildSettings = {
				ALWAYS_SEARCH_USER_PATHS = NO;
				CLANG_ANALYZER_NONNULL = YES;
				CLANG_ANALYZER_NUMBER_OBJECT_CONVERSION = YES_AGGRESSIVE;
				CLANG_CXX_LANGUAGE_STANDARD = "gnu++14";
				CLANG_CXX_LIBRARY = "libc++";
				CLANG_ENABLE_MODULES = YES;
				CLANG_ENABLE_OBJC_ARC = YES;
				CLANG_ENABLE_OBJC_WEAK = YES;
				CLANG_WARN_BLOCK_CAPTURE_AUTORELEASING = YES;
				CLANG_WARN_BOOL_CONVERSION = YES;
				CLANG_WARN_COMMA = YES;
				CLANG_WARN_CONSTANT_CONVERSION = YES;
				CLANG_WARN_DEPRECATED_OBJC_IMPLEMENTATIONS = YES;
				CLANG_WARN_DIRECT_OBJC_ISA_USAGE = YES_ERROR;
				CLANG_WARN_DOCUMENTATION_COMMENTS = YES;
				CLANG_WARN_EMPTY_BODY = YES;
				CLANG_WARN_ENUM_CONVERSION = YES;
				CLANG_WARN_INFINITE_RECURSION = YES;
				CLANG_WARN_INT_CONVERSION = YES;
				CLANG_WARN_NON_LITERAL_NULL_CONVERSION = YES;
				CLANG_WARN_OBJC_IMPLICIT_RETAIN_SELF = YES;
				CLANG_WARN_OBJC_LITERAL_CONVERSION = YES;
				CLANG_WARN_OBJC_ROOT_CLASS = YES_ERROR;
				CLANG_WARN_RANGE_LOOP_ANALYSIS = YES;
				CLANG_WARN_STRICT_PROTOTYPES = YES;
				CLANG_WARN_SUSPICIOUS_MOVE = YES;
				CLANG_WARN_UNGUARDED_AVAILABILITY = YES_AGGRESSIVE;
				CLANG_WARN_UNREACHABLE_CODE = YES;
				CLANG_WARN__DUPLICATE_METHOD_MATCH = YES;
				COPY_PHASE_STRIP = NO;
				DEBUG_INFORMATION_FORMAT = dwarf;
				ENABLE_STRICT_OBJC_MSGSEND = YES;
				ENABLE_TESTABILITY = YES;
				GCC_C_LANGUAGE_STANDARD = gnu11;
				GCC_DYNAMIC_NO_PIC = NO;
				GCC_NO_COMMON_BLOCKS = YES;
				GCC_OPTIMIZATION_LEVEL = 0;
				GCC_PREPROCESSOR_DEFINITIONS = (
					"DEBUG=1",
					"$(inherited)",
				);
				GCC_WARN_64_TO_32_BIT_CONVERSION = YES;
				GCC_WARN_ABOUT_RETURN_TYPE = YES_ERROR;
				GCC_WARN_UNDECLARED_SELECTOR = YES;
				GCC_WARN_UNINITIALIZED_AUTOS = YES_AGGRESSIVE;
				GCC_WARN_UNUSED_FUNCTION = YES;
				GCC_WARN_UNUSED_VARIABLE = YES;
				IPHONEOS_DEPLOYMENT_TARGET = 13.2;
				MTL_ENABLE_DEBUG_INFO = INCLUDE_SOURCE;
				MTL_FAST_MATH = YES;
				ONLY_ACTIVE_ARCH = YES;
				SDKROOT = iphoneos;
				SWIFT_ACTIVE_COMPILATION_CONDITIONS = DEBUG;
				SWIFT_OPTIMIZATION_LEVEL = "-Onone";
			};
			name = Debug;
		};
		20C5F9B2240AD4060038675B /* Release */ = {
			isa = XCBuildConfiguration;
			buildSettings = {
				ALWAYS_SEARCH_USER_PATHS = NO;
				CLANG_ANALYZER_NONNULL = YES;
				CLANG_ANALYZER_NUMBER_OBJECT_CONVERSION = YES_AGGRESSIVE;
				CLANG_CXX_LANGUAGE_STANDARD = "gnu++14";
				CLANG_CXX_LIBRARY = "libc++";
				CLANG_ENABLE_MODULES = YES;
				CLANG_ENABLE_OBJC_ARC = YES;
				CLANG_ENABLE_OBJC_WEAK = YES;
				CLANG_WARN_BLOCK_CAPTURE_AUTORELEASING = YES;
				CLANG_WARN_BOOL_CONVERSION = YES;
				CLANG_WARN_COMMA = YES;
				CLANG_WARN_CONSTANT_CONVERSION = YES;
				CLANG_WARN_DEPRECATED_OBJC_IMPLEMENTATIONS = YES;
				CLANG_WARN_DIRECT_OBJC_ISA_USAGE = YES_ERROR;
				CLANG_WARN_DOCUMENTATION_COMMENTS = YES;
				CLANG_WARN_EMPTY_BODY = YES;
				CLANG_WARN_ENUM_CONVERSION = YES;
				CLANG_WARN_INFINITE_RECURSION = YES;
				CLANG_WARN_INT_CONVERSION = YES;
				CLANG_WARN_NON_LITERAL_NULL_CONVERSION = YES;
				CLANG_WARN_OBJC_IMPLICIT_RETAIN_SELF = YES;
				CLANG_WARN_OBJC_LITERAL_CONVERSION = YES;
				CLANG_WARN_OBJC_ROOT_CLASS = YES_ERROR;
				CLANG_WARN_RANGE_LOOP_ANALYSIS = YES;
				CLANG_WARN_STRICT_PROTOTYPES = YES;
				CLANG_WARN_SUSPICIOUS_MOVE = YES;
				CLANG_WARN_UNGUARDED_AVAILABILITY = YES_AGGRESSIVE;
				CLANG_WARN_UNREACHABLE_CODE = YES;
				CLANG_WARN__DUPLICATE_METHOD_MATCH = YES;
				COPY_PHASE_STRIP = NO;
				DEBUG_INFORMATION_FORMAT = "dwarf-with-dsym";
				ENABLE_NS_ASSERTIONS = NO;
				ENABLE_STRICT_OBJC_MSGSEND = YES;
				GCC_C_LANGUAGE_STANDARD = gnu11;
				GCC_NO_COMMON_BLOCKS = YES;
				GCC_WARN_64_TO_32_BIT_CONVERSION = YES;
				GCC_WARN_ABOUT_RETURN_TYPE = YES_ERROR;
				GCC_WARN_UNDECLARED_SELECTOR = YES;
				GCC_WARN_UNINITIALIZED_AUTOS = YES_AGGRESSIVE;
				GCC_WARN_UNUSED_FUNCTION = YES;
				GCC_WARN_UNUSED_VARIABLE = YES;
				IPHONEOS_DEPLOYMENT_TARGET = 13.2;
				MTL_ENABLE_DEBUG_INFO = NO;
				MTL_FAST_MATH = YES;
				SDKROOT = iphoneos;
				SWIFT_COMPILATION_MODE = wholemodule;
				SWIFT_OPTIMIZATION_LEVEL = "-O";
				VALIDATE_PRODUCT = YES;
			};
			name = Release;
		};
		20C5F9B4240AD4060038675B /* Debug */ = {
			isa = XCBuildConfiguration;
			buildSettings = {
				ASSETCATALOG_COMPILER_APPICON_NAME = AppIcon;
				CODE_SIGN_STYLE = Automatic;
				CURRENT_PROJECT_VERSION = 2;
				DEVELOPMENT_ASSET_PATHS = "\"Mom's Word/Preview Content\"";
				DEVELOPMENT_TEAM = S7J4T3G6JC;
				ENABLE_PREVIEWS = YES;
				INFOPLIST_FILE = "Mom's Word/Info.plist";
				LD_RUNPATH_SEARCH_PATHS = (
					"$(inherited)",
					"@executable_path/Frameworks",
				);
				PRODUCT_BUNDLE_IDENTIFIER = "inc.manfen.mobile.ios.Mom-s-Word";
				PRODUCT_NAME = "$(TARGET_NAME)";
				SWIFT_VERSION = 5.0;
				TARGETED_DEVICE_FAMILY = "1,2";
			};
			name = Debug;
		};
		20C5F9B5240AD4060038675B /* Release */ = {
			isa = XCBuildConfiguration;
			buildSettings = {
				ASSETCATALOG_COMPILER_APPICON_NAME = AppIcon;
				CODE_SIGN_STYLE = Automatic;
				CURRENT_PROJECT_VERSION = 2;
				DEVELOPMENT_ASSET_PATHS = "\"Mom's Word/Preview Content\"";
				DEVELOPMENT_TEAM = S7J4T3G6JC;
				ENABLE_PREVIEWS = YES;
				INFOPLIST_FILE = "Mom's Word/Info.plist";
				LD_RUNPATH_SEARCH_PATHS = (
					"$(inherited)",
					"@executable_path/Frameworks",
				);
				PRODUCT_BUNDLE_IDENTIFIER = "inc.manfen.mobile.ios.Mom-s-Word";
				PRODUCT_NAME = "$(TARGET_NAME)";
				SWIFT_VERSION = 5.0;
				TARGETED_DEVICE_FAMILY = "1,2";
			};
			name = Release;
		};
/* End XCBuildConfiguration section */

/* Begin XCConfigurationList section */
		20C5F99A240AD4060038675B /* Build configuration list for PBXProject "Mom's Word" */ = {
			isa = XCConfigurationList;
			buildConfigurations = (
				20C5F9B1240AD4060038675B /* Debug */,
				20C5F9B2240AD4060038675B /* Release */,
			);
			defaultConfigurationIsVisible = 0;
			defaultConfigurationName = Release;
		};
		20C5F9B3240AD4060038675B /* Build configuration list for PBXNativeTarget "Mom's Word" */ = {
			isa = XCConfigurationList;
			buildConfigurations = (
				20C5F9B4240AD4060038675B /* Debug */,
				20C5F9B5240AD4060038675B /* Release */,
			);
			defaultConfigurationIsVisible = 0;
			defaultConfigurationName = Release;
		};
/* End XCConfigurationList section */
	};
	rootObject = 20C5F997240AD4060038675B /* Project object */;
}
